
Microsoft Visual Studio Solution File, Format Version 12.00
# Visual Studio Version 17
VisualStudioVersion = 17.1.32421.90
MinimumVisualStudioVersion = 10.0.40219.1
Project("{2150E333-8FDC-42A3-9474-1A3956D46DE8}") = "Patterns", "Patterns", "{FF62C3B3-CB9F-4912-81AB-F86F2B1ABC57}"
EndProject
Project("{2150E333-8FDC-42A3-9474-1A3956D46DE8}") = "Git", "Git", "{3F49899E-9514-467F-9960-AC4867B684E1}"
EndProject
Project("{2150E333-8FDC-42A3-9474-1A3956D46DE8}") = "Behavioral", "Behavioral", "{B48C4121-2305-4E78-98E9-03E0167CDFBC}"
EndProject
Project("{2150E333-8FDC-42A3-9474-1A3956D46DE8}") = "Structural", "Structural", "{C125B54C-9394-499A-957B-45DDC8F0B799}"
EndProject
Project("{2150E333-8FDC-42A3-9474-1A3956D46DE8}") = "Creational", "Creational", "{5610FB1A-978A-48DB-AF4A-4656CDB228C3}"
EndProject
Project("{9A19103F-16F7-4668-BE54-9A1E7A4F7556}") = "Snapshot", "Patterns\Behavioral\Snapshot\Snapshot.csproj", "{9869ED74-089F-40A7-90A2-F3B4FAF9E0C5}"
EndProject
Project("{9A19103F-16F7-4668-BE54-9A1E7A4F7556}") = "Builder", "Patterns\Creational\Builder\Builder.csproj", "{16B21A0B-1059-4329-BBDA-A753D4C43799}"
EndProject
Project("{9A19103F-16F7-4668-BE54-9A1E7A4F7556}") = "Factory", "Patterns\Creational\Factory\Factory.csproj", "{78D198AD-B568-4C6F-AE88-0DAFC32342AE}"
EndProject
Project("{9A19103F-16F7-4668-BE54-9A1E7A4F7556}") = "FactoryMethod", "Patterns\Creational\FactoryMethod\FactoryMethod.csproj", "{900CB7F6-C37B-49CA-9C5C-1CD1CCDCFEDD}"
EndProject
Project("{9A19103F-16F7-4668-BE54-9A1E7A4F7556}") = "Composite", "Patterns\Structural\Composite\Composite.csproj", "{D7200159-7974-45BA-A830-6A07C3B1A1E9}"
EndProject
Project("{9A19103F-16F7-4668-BE54-9A1E7A4F7556}") = "Flyweight", "Patterns\Structural\Flyweight\Flyweight.csproj", "{8E7DB3E0-E7E8-4E15-B799-2A3FE54E9509}"
EndProject
Project("{9A19103F-16F7-4668-BE54-9A1E7A4F7556}") = "Command", "Patterns\Behavioral\Command\Command.csproj", "{D535CA6B-6956-4405-814B-66963CEBC5F9}"
EndProject
Project("{9A19103F-16F7-4668-BE54-9A1E7A4F7556}") = "Prototype", "Patterns\Creational\Prototype\Prototype.csproj", "{8748E7E6-457D-46E4-A5E4-F4B48EA2CA66}"
EndProject
Project("{9A19103F-16F7-4668-BE54-9A1E7A4F7556}") = "Singleton", "Patterns\Creational\Singleton\Singleton.csproj", "{18A810F2-B8CD-46E6-A22A-8F0D08693393}"
EndProject
Project("{2150E333-8FDC-42A3-9474-1A3956D46DE8}") = "Other", "Other", "{E8588FA9-4B92-436C-8A06-940555185346}"
EndProject
Project("{9A19103F-16F7-4668-BE54-9A1E7A4F7556}") = "ConsoleApp", "Other\Console\ConsoleApp.csproj", "{630FE4AF-0378-442C-8CED-A2FEFCB6D369}"
EndProject
Project("{9A19103F-16F7-4668-BE54-9A1E7A4F7556}") = "TemplateMethod", "Patterns\Behavioral\TemplateMethod\TemplateMethod.csproj", "{546F4483-15C1-407D-9362-22AD65837E4F}"
EndProject
Project("{9A19103F-16F7-4668-BE54-9A1E7A4F7556}") = "State", "Patterns\Behavioral\State\State.csproj", "{8FB4161A-C29F-45A0-AD65-A59A14390102}"
EndProject
Project("{FAE04EC0-301F-11D3-BF4B-00C04F79EFBC}") = "Strategy", "Patterns\Behavioral\Strategy\Strategy.csproj", "{52C623CD-CF25-42AA-A6F0-22862D48523B}"
EndProject
Project("{FAE04EC0-301F-11D3-BF4B-00C04F79EFBC}") = "Mediator", "Patterns\Behavioral\Mediator\Mediator.csproj", "{0BE71C23-6EA9-4BD1-8CE0-D215F24A1853}"
EndProject
Project("{FAE04EC0-301F-11D3-BF4B-00C04F79EFBC}") = "ChainOfResponsibility", "Patterns\Behavioral\ChainOfResponsibility\ChainOfResponsibility.csproj", "{1E707F6C-BFA0-4B36-B2A9-7C83CE8EF684}"
EndProject
Project("{FAE04EC0-301F-11D3-BF4B-00C04F79EFBC}") = "Iterator", "Patterns\Behavioral\Iterator\Iterator.csproj", "{86B61678-7B7E-4AAA-88AD-61BC9C25B880}"
EndProject
Global
	GlobalSection(SolutionConfigurationPlatforms) = preSolution
		Debug|Any CPU = Debug|Any CPU
		Release|Any CPU = Release|Any CPU
	EndGlobalSection
	GlobalSection(ProjectConfigurationPlatforms) = postSolution
		{9869ED74-089F-40A7-90A2-F3B4FAF9E0C5}.Debug|Any CPU.ActiveCfg = Debug|Any CPU
		{9869ED74-089F-40A7-90A2-F3B4FAF9E0C5}.Debug|Any CPU.Build.0 = Debug|Any CPU
		{9869ED74-089F-40A7-90A2-F3B4FAF9E0C5}.Release|Any CPU.ActiveCfg = Release|Any CPU
		{9869ED74-089F-40A7-90A2-F3B4FAF9E0C5}.Release|Any CPU.Build.0 = Release|Any CPU
		{16B21A0B-1059-4329-BBDA-A753D4C43799}.Debug|Any CPU.ActiveCfg = Debug|Any CPU
		{16B21A0B-1059-4329-BBDA-A753D4C43799}.Debug|Any CPU.Build.0 = Debug|Any CPU
		{16B21A0B-1059-4329-BBDA-A753D4C43799}.Release|Any CPU.ActiveCfg = Release|Any CPU
		{16B21A0B-1059-4329-BBDA-A753D4C43799}.Release|Any CPU.Build.0 = Release|Any CPU
		{78D198AD-B568-4C6F-AE88-0DAFC32342AE}.Debug|Any CPU.ActiveCfg = Debug|Any CPU
		{78D198AD-B568-4C6F-AE88-0DAFC32342AE}.Debug|Any CPU.Build.0 = Debug|Any CPU
		{78D198AD-B568-4C6F-AE88-0DAFC32342AE}.Release|Any CPU.ActiveCfg = Release|Any CPU
		{78D198AD-B568-4C6F-AE88-0DAFC32342AE}.Release|Any CPU.Build.0 = Release|Any CPU
		{900CB7F6-C37B-49CA-9C5C-1CD1CCDCFEDD}.Debug|Any CPU.ActiveCfg = Debug|Any CPU
		{900CB7F6-C37B-49CA-9C5C-1CD1CCDCFEDD}.Debug|Any CPU.Build.0 = Debug|Any CPU
		{900CB7F6-C37B-49CA-9C5C-1CD1CCDCFEDD}.Release|Any CPU.ActiveCfg = Release|Any CPU
		{900CB7F6-C37B-49CA-9C5C-1CD1CCDCFEDD}.Release|Any CPU.Build.0 = Release|Any CPU
		{D7200159-7974-45BA-A830-6A07C3B1A1E9}.Debug|Any CPU.ActiveCfg = Debug|Any CPU
		{D7200159-7974-45BA-A830-6A07C3B1A1E9}.Debug|Any CPU.Build.0 = Debug|Any CPU
		{D7200159-7974-45BA-A830-6A07C3B1A1E9}.Release|Any CPU.ActiveCfg = Release|Any CPU
		{D7200159-7974-45BA-A830-6A07C3B1A1E9}.Release|Any CPU.Build.0 = Release|Any CPU
		{8E7DB3E0-E7E8-4E15-B799-2A3FE54E9509}.Debug|Any CPU.ActiveCfg = Debug|Any CPU
		{8E7DB3E0-E7E8-4E15-B799-2A3FE54E9509}.Debug|Any CPU.Build.0 = Debug|Any CPU
		{8E7DB3E0-E7E8-4E15-B799-2A3FE54E9509}.Release|Any CPU.ActiveCfg = Release|Any CPU
		{8E7DB3E0-E7E8-4E15-B799-2A3FE54E9509}.Release|Any CPU.Build.0 = Release|Any CPU
		{D535CA6B-6956-4405-814B-66963CEBC5F9}.Debug|Any CPU.ActiveCfg = Debug|Any CPU
		{D535CA6B-6956-4405-814B-66963CEBC5F9}.Debug|Any CPU.Build.0 = Debug|Any CPU
		{D535CA6B-6956-4405-814B-66963CEBC5F9}.Release|Any CPU.ActiveCfg = Release|Any CPU
		{D535CA6B-6956-4405-814B-66963CEBC5F9}.Release|Any CPU.Build.0 = Release|Any CPU
		{8748E7E6-457D-46E4-A5E4-F4B48EA2CA66}.Debug|Any CPU.ActiveCfg = Debug|Any CPU
		{8748E7E6-457D-46E4-A5E4-F4B48EA2CA66}.Debug|Any CPU.Build.0 = Debug|Any CPU
		{8748E7E6-457D-46E4-A5E4-F4B48EA2CA66}.Release|Any CPU.ActiveCfg = Release|Any CPU
		{8748E7E6-457D-46E4-A5E4-F4B48EA2CA66}.Release|Any CPU.Build.0 = Release|Any CPU
		{18A810F2-B8CD-46E6-A22A-8F0D08693393}.Debug|Any CPU.ActiveCfg = Debug|Any CPU
		{18A810F2-B8CD-46E6-A22A-8F0D08693393}.Debug|Any CPU.Build.0 = Debug|Any CPU
		{18A810F2-B8CD-46E6-A22A-8F0D08693393}.Release|Any CPU.ActiveCfg = Release|Any CPU
		{18A810F2-B8CD-46E6-A22A-8F0D08693393}.Release|Any CPU.Build.0 = Release|Any CPU
		{630FE4AF-0378-442C-8CED-A2FEFCB6D369}.Debug|Any CPU.ActiveCfg = Debug|Any CPU
		{630FE4AF-0378-442C-8CED-A2FEFCB6D369}.Debug|Any CPU.Build.0 = Debug|Any CPU
		{630FE4AF-0378-442C-8CED-A2FEFCB6D369}.Release|Any CPU.ActiveCfg = Release|Any CPU
		{630FE4AF-0378-442C-8CED-A2FEFCB6D369}.Release|Any CPU.Build.0 = Release|Any CPU
		{546F4483-15C1-407D-9362-22AD65837E4F}.Debug|Any CPU.ActiveCfg = Debug|Any CPU
		{546F4483-15C1-407D-9362-22AD65837E4F}.Debug|Any CPU.Build.0 = Debug|Any CPU
		{546F4483-15C1-407D-9362-22AD65837E4F}.Release|Any CPU.ActiveCfg = Release|Any CPU
		{546F4483-15C1-407D-9362-22AD65837E4F}.Release|Any CPU.Build.0 = Release|Any CPU
		{8FB4161A-C29F-45A0-AD65-A59A14390102}.Debug|Any CPU.ActiveCfg = Debug|Any CPU
		{8FB4161A-C29F-45A0-AD65-A59A14390102}.Debug|Any CPU.Build.0 = Debug|Any CPU
		{8FB4161A-C29F-45A0-AD65-A59A14390102}.Release|Any CPU.ActiveCfg = Release|Any CPU
		{8FB4161A-C29F-45A0-AD65-A59A14390102}.Release|Any CPU.Build.0 = Release|Any CPU
		{52C623CD-CF25-42AA-A6F0-22862D48523B}.Debug|Any CPU.ActiveCfg = Debug|Any CPU
		{52C623CD-CF25-42AA-A6F0-22862D48523B}.Debug|Any CPU.Build.0 = Debug|Any CPU
		{52C623CD-CF25-42AA-A6F0-22862D48523B}.Release|Any CPU.ActiveCfg = Release|Any CPU
		{52C623CD-CF25-42AA-A6F0-22862D48523B}.Release|Any CPU.Build.0 = Release|Any CPU
		{0BE71C23-6EA9-4BD1-8CE0-D215F24A1853}.Debug|Any CPU.ActiveCfg = Debug|Any CPU
		{0BE71C23-6EA9-4BD1-8CE0-D215F24A1853}.Debug|Any CPU.Build.0 = Debug|Any CPU
		{0BE71C23-6EA9-4BD1-8CE0-D215F24A1853}.Release|Any CPU.ActiveCfg = Release|Any CPU
		{0BE71C23-6EA9-4BD1-8CE0-D215F24A1853}.Release|Any CPU.Build.0 = Release|Any CPU
		{1E707F6C-BFA0-4B36-B2A9-7C83CE8EF684}.Debug|Any CPU.ActiveCfg = Debug|Any CPU
		{1E707F6C-BFA0-4B36-B2A9-7C83CE8EF684}.Debug|Any CPU.Build.0 = Debug|Any CPU
		{1E707F6C-BFA0-4B36-B2A9-7C83CE8EF684}.Release|Any CPU.ActiveCfg = Release|Any CPU
		{1E707F6C-BFA0-4B36-B2A9-7C83CE8EF684}.Release|Any CPU.Build.0 = Release|Any CPU
		{86B61678-7B7E-4AAA-88AD-61BC9C25B880}.Debug|Any CPU.ActiveCfg = Debug|Any CPU
		{86B61678-7B7E-4AAA-88AD-61BC9C25B880}.Debug|Any CPU.Build.0 = Debug|Any CPU
		{86B61678-7B7E-4AAA-88AD-61BC9C25B880}.Release|Any CPU.ActiveCfg = Release|Any CPU
		{86B61678-7B7E-4AAA-88AD-61BC9C25B880}.Release|Any CPU.Build.0 = Release|Any CPU
	EndGlobalSection
	GlobalSection(SolutionProperties) = preSolution
		HideSolutionNode = FALSE
	EndGlobalSection
	GlobalSection(NestedProjects) = preSolution
		{B48C4121-2305-4E78-98E9-03E0167CDFBC} = {FF62C3B3-CB9F-4912-81AB-F86F2B1ABC57}
		{C125B54C-9394-499A-957B-45DDC8F0B799} = {FF62C3B3-CB9F-4912-81AB-F86F2B1ABC57}
		{5610FB1A-978A-48DB-AF4A-4656CDB228C3} = {FF62C3B3-CB9F-4912-81AB-F86F2B1ABC57}
		{9869ED74-089F-40A7-90A2-F3B4FAF9E0C5} = {B48C4121-2305-4E78-98E9-03E0167CDFBC}
		{16B21A0B-1059-4329-BBDA-A753D4C43799} = {5610FB1A-978A-48DB-AF4A-4656CDB228C3}
		{78D198AD-B568-4C6F-AE88-0DAFC32342AE} = {5610FB1A-978A-48DB-AF4A-4656CDB228C3}
		{900CB7F6-C37B-49CA-9C5C-1CD1CCDCFEDD} = {5610FB1A-978A-48DB-AF4A-4656CDB228C3}
		{D7200159-7974-45BA-A830-6A07C3B1A1E9} = {C125B54C-9394-499A-957B-45DDC8F0B799}
		{8E7DB3E0-E7E8-4E15-B799-2A3FE54E9509} = {C125B54C-9394-499A-957B-45DDC8F0B799}
		{D535CA6B-6956-4405-814B-66963CEBC5F9} = {B48C4121-2305-4E78-98E9-03E0167CDFBC}
		{8748E7E6-457D-46E4-A5E4-F4B48EA2CA66} = {5610FB1A-978A-48DB-AF4A-4656CDB228C3}
		{18A810F2-B8CD-46E6-A22A-8F0D08693393} = {5610FB1A-978A-48DB-AF4A-4656CDB228C3}
		{630FE4AF-0378-442C-8CED-A2FEFCB6D369} = {E8588FA9-4B92-436C-8A06-940555185346}
		{546F4483-15C1-407D-9362-22AD65837E4F} = {B48C4121-2305-4E78-98E9-03E0167CDFBC}
		{8FB4161A-C29F-45A0-AD65-A59A14390102} = {B48C4121-2305-4E78-98E9-03E0167CDFBC}
		{52C623CD-CF25-42AA-A6F0-22862D48523B} = {B48C4121-2305-4E78-98E9-03E0167CDFBC}
		{0BE71C23-6EA9-4BD1-8CE0-D215F24A1853} = {B48C4121-2305-4E78-98E9-03E0167CDFBC}
		{1E707F6C-BFA0-4B36-B2A9-7C83CE8EF684} = {B48C4121-2305-4E78-98E9-03E0167CDFBC}
		{86B61678-7B7E-4AAA-88AD-61BC9C25B880} = {B48C4121-2305-4E78-98E9-03E0167CDFBC}
	EndGlobalSection
	GlobalSection(ExtensibilityGlobals) = postSolution
		SolutionGuid = {81ACBFE2-DF0D-4F50-991B-AD42A47A4911}
	EndGlobalSection
EndGlobal
