
Microsoft Visual Studio Solution File, Format Version 12.00
# Visual Studio Version 17
VisualStudioVersion = 17.1.32421.90
MinimumVisualStudioVersion = 10.0.40219.1
Project("{2150E333-8FDC-42A3-9474-1A3956D46DE8}") = "Patterns", "Patterns", "{FF62C3B3-CB9F-4912-81AB-F86F2B1ABC57}"
EndProject
Project("{2150E333-8FDC-42A3-9474-1A3956D46DE8}") = "Git", "Git", "{3F49899E-9514-467F-9960-AC4867B684E1}"
EndProject
Project("{2150E333-8FDC-42A3-9474-1A3956D46DE8}") = "Behavioral", "Behavioral", "{B48C4121-2305-4E78-98E9-03E0167CDFBC}"
EndProject
Project("{2150E333-8FDC-42A3-9474-1A3956D46DE8}") = "Structural", "Structural", "{C125B54C-9394-499A-957B-45DDC8F0B799}"
EndProject
Project("{2150E333-8FDC-42A3-9474-1A3956D46DE8}") = "Creational", "Creational", "{5610FB1A-978A-48DB-AF4A-4656CDB228C3}"
EndProject
Project("{FAE04EC0-301F-11D3-BF4B-00C04F79EFBC}") = "Snapshot", "Patterns\Behavioral\Snapshot\Snapshot.csproj", "{9869ED74-089F-40A7-90A2-F3B4FAF9E0C5}"
EndProject
Project("{FAE04EC0-301F-11D3-BF4B-00C04F79EFBC}") = "FactoryMethod", "FactoryMethod\FactoryMethod.csproj", "{DF1C43F4-CE67-4381-AF05-E0F5771E733D}"
EndProject
Project("{FAE04EC0-301F-11D3-BF4B-00C04F79EFBC}") = "Factory", "Factory\Factory.csproj", "{4C3DE8F8-4C4C-463E-A3D6-38605DEC0879}"
EndProject
Project("{FAE04EC0-301F-11D3-BF4B-00C04F79EFBC}") = "Builder", "Builder\Builder.csproj", "{3E7D0CAB-BC8F-42EB-9B21-A5ED2E5C7781}"
EndProject
Global
	GlobalSection(SolutionConfigurationPlatforms) = preSolution
		Debug|Any CPU = Debug|Any CPU
		Release|Any CPU = Release|Any CPU
	EndGlobalSection
	GlobalSection(ProjectConfigurationPlatforms) = postSolution
		{9869ED74-089F-40A7-90A2-F3B4FAF9E0C5}.Debug|Any CPU.ActiveCfg = Debug|Any CPU
		{9869ED74-089F-40A7-90A2-F3B4FAF9E0C5}.Debug|Any CPU.Build.0 = Debug|Any CPU
		{9869ED74-089F-40A7-90A2-F3B4FAF9E0C5}.Release|Any CPU.ActiveCfg = Release|Any CPU
		{9869ED74-089F-40A7-90A2-F3B4FAF9E0C5}.Release|Any CPU.Build.0 = Release|Any CPU
		{DF1C43F4-CE67-4381-AF05-E0F5771E733D}.Debug|Any CPU.ActiveCfg = Debug|Any CPU
		{DF1C43F4-CE67-4381-AF05-E0F5771E733D}.Debug|Any CPU.Build.0 = Debug|Any CPU
		{DF1C43F4-CE67-4381-AF05-E0F5771E733D}.Release|Any CPU.ActiveCfg = Release|Any CPU
		{DF1C43F4-CE67-4381-AF05-E0F5771E733D}.Release|Any CPU.Build.0 = Release|Any CPU
		{4C3DE8F8-4C4C-463E-A3D6-38605DEC0879}.Debug|Any CPU.ActiveCfg = Debug|Any CPU
		{4C3DE8F8-4C4C-463E-A3D6-38605DEC0879}.Debug|Any CPU.Build.0 = Debug|Any CPU
		{4C3DE8F8-4C4C-463E-A3D6-38605DEC0879}.Release|Any CPU.ActiveCfg = Release|Any CPU
		{4C3DE8F8-4C4C-463E-A3D6-38605DEC0879}.Release|Any CPU.Build.0 = Release|Any CPU
		{3E7D0CAB-BC8F-42EB-9B21-A5ED2E5C7781}.Debug|Any CPU.ActiveCfg = Debug|Any CPU
		{3E7D0CAB-BC8F-42EB-9B21-A5ED2E5C7781}.Debug|Any CPU.Build.0 = Debug|Any CPU
		{3E7D0CAB-BC8F-42EB-9B21-A5ED2E5C7781}.Release|Any CPU.ActiveCfg = Release|Any CPU
		{3E7D0CAB-BC8F-42EB-9B21-A5ED2E5C7781}.Release|Any CPU.Build.0 = Release|Any CPU
	EndGlobalSection
	GlobalSection(SolutionProperties) = preSolution
		HideSolutionNode = FALSE
	EndGlobalSection
	GlobalSection(NestedProjects) = preSolution
		{B48C4121-2305-4E78-98E9-03E0167CDFBC} = {FF62C3B3-CB9F-4912-81AB-F86F2B1ABC57}
		{C125B54C-9394-499A-957B-45DDC8F0B799} = {FF62C3B3-CB9F-4912-81AB-F86F2B1ABC57}
		{5610FB1A-978A-48DB-AF4A-4656CDB228C3} = {FF62C3B3-CB9F-4912-81AB-F86F2B1ABC57}
		{9869ED74-089F-40A7-90A2-F3B4FAF9E0C5} = {B48C4121-2305-4E78-98E9-03E0167CDFBC}
		{DF1C43F4-CE67-4381-AF05-E0F5771E733D} = {5610FB1A-978A-48DB-AF4A-4656CDB228C3}
		{4C3DE8F8-4C4C-463E-A3D6-38605DEC0879} = {5610FB1A-978A-48DB-AF4A-4656CDB228C3}
		{3E7D0CAB-BC8F-42EB-9B21-A5ED2E5C7781} = {5610FB1A-978A-48DB-AF4A-4656CDB228C3}
	EndGlobalSection
	GlobalSection(ExtensibilityGlobals) = postSolution
		SolutionGuid = {81ACBFE2-DF0D-4F50-991B-AD42A47A4911}
	EndGlobalSection
EndGlobal
